
Microsoft Visual Studio Solution File, Format Version 12.00
# Visual Studio Version 17
VisualStudioVersion = 17.8.34511.84
MinimumVisualStudioVersion = 10.0.40219.1
Project("{FAE04EC0-301F-11D3-BF4B-00C04F79EFBC}") = "GitL3", "GitL3\GitL3.csproj", "{2F3CAE92-2BED-41F4-B210-0EBE6389AC68}"
EndProject
Global
	GlobalSection(SolutionConfigurationPlatforms) = preSolution
		Debug|Any CPU = Debug|Any CPU
		Release|Any CPU = Release|Any CPU
	EndGlobalSection
	GlobalSection(ProjectConfigurationPlatforms) = postSolution
		{2F3CAE92-2BED-41F4-B210-0EBE6389AC68}.Debug|Any CPU.ActiveCfg = Debug|Any CPU
		{2F3CAE92-2BED-41F4-B210-0EBE6389AC68}.Debug|Any CPU.Build.0 = Debug|Any CPU
		{2F3CAE92-2BED-41F4-B210-0EBE6389AC68}.Release|Any CPU.ActiveCfg = Release|Any CPU
		{2F3CAE92-2BED-41F4-B210-0EBE6389AC68}.Release|Any CPU.Build.0 = Release|Any CPU
	EndGlobalSection
	GlobalSection(SolutionProperties) = preSolution
		HideSolutionNode = FALSE
	EndGlobalSection
	GlobalSection(ExtensibilityGlobals) = postSolution
		SolutionGuid = {28AFE27F-E9E2-42A4-A9DC-4C6E538CE562}
	EndGlobalSection
EndGlobal
